
Microsoft Visual Studio Solution File, Format Version 12.00
# Visual Studio Version 17
VisualStudioVersion = 17.5.33530.505
MinimumVisualStudioVersion = 10.0.40219.1
Project("{FAE04EC0-301F-11D3-BF4B-00C04F79EFBC}") = "MovieManagementApi", "MovieManagementApi\MovieManagementApi.csproj", "{ADF8F431-AAF6-4917-9065-4C7B36BCB92D}"
EndProject
Global
	GlobalSection(SolutionConfigurationPlatforms) = preSolution
		Debug|Any CPU = Debug|Any CPU
		Release|Any CPU = Release|Any CPU
	EndGlobalSection
	GlobalSection(ProjectConfigurationPlatforms) = postSolution
		{ADF8F431-AAF6-4917-9065-4C7B36BCB92D}.Debug|Any CPU.ActiveCfg = Debug|Any CPU
		{ADF8F431-AAF6-4917-9065-4C7B36BCB92D}.Debug|Any CPU.Build.0 = Debug|Any CPU
		{ADF8F431-AAF6-4917-9065-4C7B36BCB92D}.Release|Any CPU.ActiveCfg = Release|Any CPU
		{ADF8F431-AAF6-4917-9065-4C7B36BCB92D}.Release|Any CPU.Build.0 = Release|Any CPU
	EndGlobalSection
	GlobalSection(SolutionProperties) = preSolution
		HideSolutionNode = FALSE
	EndGlobalSection
	GlobalSection(ExtensibilityGlobals) = postSolution
		SolutionGuid = {DDFC2D0E-E074-4B0A-91A8-979D33502DD9}
	EndGlobalSection
EndGlobal
